// !$*UTF8*$!
{
	archiveVersion = 1;
	classes = {
	};
	objectVersion = 51;
	objects = {

/* Begin PBXBuildFile section */
		0517AEFC527BF8796434C46A /* Pods_Cipher.framework in Frameworks */ = {isa = PBXBuildFile; fileRef = 306AD7A989988BD4AFBA0029 /* Pods_Cipher.framework */; };
		68A431B0264EA0D700D29FE9 /* ExViewController.swift in Sources */ = {isa = PBXBuildFile; fileRef = 68A431AF264EA0D700D29FE9 /* ExViewController.swift */; };
		68F369DC264C128100F6981D /* AppDelegate.swift in Sources */ = {isa = PBXBuildFile; fileRef = 68F369DB264C128100F6981D /* AppDelegate.swift */; };
		68F369E0264C128100F6981D /* EncryptViewController.swift in Sources */ = {isa = PBXBuildFile; fileRef = 68F369DF264C128100F6981D /* EncryptViewController.swift */; };
		68F369E3264C128100F6981D /* Encrypt.storyboard in Resources */ = {isa = PBXBuildFile; fileRef = 68F369E1264C128100F6981D /* Encrypt.storyboard */; };
		68F369E5264C128700F6981D /* Assets.xcassets in Resources */ = {isa = PBXBuildFile; fileRef = 68F369E4264C128700F6981D /* Assets.xcassets */; };
		68F369E8264C128700F6981D /* LaunchScreen.storyboard in Resources */ = {isa = PBXBuildFile; fileRef = 68F369E6264C128700F6981D /* LaunchScreen.storyboard */; };
		68F369F0264C139900F6981D /* EncryptTableViewCell.swift in Sources */ = {isa = PBXBuildFile; fileRef = 68F369EF264C139900F6981D /* EncryptTableViewCell.swift */; };
		68F369F4264C14FC00F6981D /* Translation.swift in Sources */ = {isa = PBXBuildFile; fileRef = 68F369F3264C14FC00F6981D /* Translation.swift */; };
		68F369F6264C16D400F6981D /* Original.storyboard in Resources */ = {isa = PBXBuildFile; fileRef = 68F369F5264C16D400F6981D /* Original.storyboard */; };
		68F369F8264C170400F6981D /* OriginalViewController.swift in Sources */ = {isa = PBXBuildFile; fileRef = 68F369F7264C170400F6981D /* OriginalViewController.swift */; };
		68F369FB264C3E3300F6981D /* MainViewController.swift in Sources */ = {isa = PBXBuildFile; fileRef = 68F369FA264C3E3300F6981D /* MainViewController.swift */; };
		68F369FD264C3E4200F6981D /* Main.storyboard in Resources */ = {isa = PBXBuildFile; fileRef = 68F369FC264C3E4200F6981D /* Main.storyboard */; };
		68F36A02264D356200F6981D /* MainTableViewCell.swift in Sources */ = {isa = PBXBuildFile; fileRef = 68F36A01264D356100F6981D /* MainTableViewCell.swift */; };
		68F36A05264D4CBB00F6981D /* DecipherViewController.swift in Sources */ = {isa = PBXBuildFile; fileRef = 68F36A04264D4CBB00F6981D /* DecipherViewController.swift */; };
		68F36A07264D4CC700F6981D /* Decipher.storyboard in Resources */ = {isa = PBXBuildFile; fileRef = 68F36A06264D4CC700F6981D /* Decipher.storyboard */; };
		68F36A09264D4E7B00F6981D /* Cipher.swift in Sources */ = {isa = PBXBuildFile; fileRef = 68F36A08264D4E7B00F6981D /* Cipher.swift */; };
		68F36A0C264D50BD00F6981D /* DecipherTableViewCell.swift in Sources */ = {isa = PBXBuildFile; fileRef = 68F36A0B264D50BD00F6981D /* DecipherTableViewCell.swift */; };
		68F36A0F264D5B2800F6981D /* CipherViewController.swift in Sources */ = {isa = PBXBuildFile; fileRef = 68F36A0E264D5B2700F6981D /* CipherViewController.swift */; };
		68F36A11264D5B3600F6981D /* Cipher.storyboard in Resources */ = {isa = PBXBuildFile; fileRef = 68F36A10264D5B3500F6981D /* Cipher.storyboard */; };
		68F36A17264D807C00F6981D /* ShadowView.swift in Sources */ = {isa = PBXBuildFile; fileRef = 68F36A16264D807C00F6981D /* ShadowView.swift */; };
		68F36A19264D8C8200F6981D /* MakeShadow.swift in Sources */ = {isa = PBXBuildFile; fileRef = 68F36A18264D8C8200F6981D /* MakeShadow.swift */; };
/* End PBXBuildFile section */

/* Begin PBXFileReference section */
		306AD7A989988BD4AFBA0029 /* Pods_Cipher.framework */ = {isa = PBXFileReference; explicitFileType = wrapper.framework; includeInIndex = 0; path = Pods_Cipher.framework; sourceTree = BUILT_PRODUCTS_DIR; };
		68A431AF264EA0D700D29FE9 /* ExViewController.swift */ = {isa = PBXFileReference; lastKnownFileType = sourcecode.swift; path = ExViewController.swift; sourceTree = "<group>"; };
		68F369D8264C128100F6981D /* Cipher.app */ = {isa = PBXFileReference; explicitFileType = wrapper.application; includeInIndex = 0; path = Cipher.app; sourceTree = BUILT_PRODUCTS_DIR; };
		68F369DB264C128100F6981D /* AppDelegate.swift */ = {isa = PBXFileReference; lastKnownFileType = sourcecode.swift; path = AppDelegate.swift; sourceTree = "<group>"; };
		68F369DF264C128100F6981D /* EncryptViewController.swift */ = {isa = PBXFileReference; lastKnownFileType = sourcecode.swift; path = EncryptViewController.swift; sourceTree = "<group>"; };
		68F369E2264C128100F6981D /* Base */ = {isa = PBXFileReference; lastKnownFileType = file.storyboard; name = Base; path = Base.lproj/Encrypt.storyboard; sourceTree = "<group>"; };
		68F369E4264C128700F6981D /* Assets.xcassets */ = {isa = PBXFileReference; lastKnownFileType = folder.assetcatalog; path = Assets.xcassets; sourceTree = "<group>"; };
		68F369E7264C128700F6981D /* Base */ = {isa = PBXFileReference; lastKnownFileType = file.storyboard; name = Base; path = Base.lproj/LaunchScreen.storyboard; sourceTree = "<group>"; };
		68F369E9264C128700F6981D /* Info.plist */ = {isa = PBXFileReference; lastKnownFileType = text.plist.xml; path = Info.plist; sourceTree = "<group>"; };
		68F369EF264C139900F6981D /* EncryptTableViewCell.swift */ = {isa = PBXFileReference; lastKnownFileType = sourcecode.swift; path = EncryptTableViewCell.swift; sourceTree = "<group>"; };
		68F369F3264C14FC00F6981D /* Translation.swift */ = {isa = PBXFileReference; lastKnownFileType = sourcecode.swift; path = Translation.swift; sourceTree = "<group>"; };
		68F369F5264C16D400F6981D /* Original.storyboard */ = {isa = PBXFileReference; lastKnownFileType = file.storyboard; path = Original.storyboard; sourceTree = "<group>"; };
		68F369F7264C170400F6981D /* OriginalViewController.swift */ = {isa = PBXFileReference; lastKnownFileType = sourcecode.swift; path = OriginalViewController.swift; sourceTree = "<group>"; };
		68F369FA264C3E3300F6981D /* MainViewController.swift */ = {isa = PBXFileReference; lastKnownFileType = sourcecode.swift; path = MainViewController.swift; sourceTree = "<group>"; };
		68F369FC264C3E4200F6981D /* Main.storyboard */ = {isa = PBXFileReference; lastKnownFileType = file.storyboard; path = Main.storyboard; sourceTree = "<group>"; };
		68F36A01264D356100F6981D /* MainTableViewCell.swift */ = {isa = PBXFileReference; lastKnownFileType = sourcecode.swift; path = MainTableViewCell.swift; sourceTree = "<group>"; };
		68F36A04264D4CBB00F6981D /* DecipherViewController.swift */ = {isa = PBXFileReference; lastKnownFileType = sourcecode.swift; path = DecipherViewController.swift; sourceTree = "<group>"; };
		68F36A06264D4CC700F6981D /* Decipher.storyboard */ = {isa = PBXFileReference; lastKnownFileType = file.storyboard; path = Decipher.storyboard; sourceTree = "<group>"; };
		68F36A08264D4E7B00F6981D /* Cipher.swift */ = {isa = PBXFileReference; lastKnownFileType = sourcecode.swift; path = Cipher.swift; sourceTree = "<group>"; };
		68F36A0B264D50BD00F6981D /* DecipherTableViewCell.swift */ = {isa = PBXFileReference; lastKnownFileType = sourcecode.swift; path = DecipherTableViewCell.swift; sourceTree = "<group>"; };
		68F36A0E264D5B2700F6981D /* CipherViewController.swift */ = {isa = PBXFileReference; lastKnownFileType = sourcecode.swift; path = CipherViewController.swift; sourceTree = "<group>"; };
		68F36A10264D5B3500F6981D /* Cipher.storyboard */ = {isa = PBXFileReference; lastKnownFileType = file.storyboard; path = Cipher.storyboard; sourceTree = "<group>"; };
		68F36A16264D807C00F6981D /* ShadowView.swift */ = {isa = PBXFileReference; lastKnownFileType = sourcecode.swift; path = ShadowView.swift; sourceTree = "<group>"; };
		68F36A18264D8C8200F6981D /* MakeShadow.swift */ = {isa = PBXFileReference; lastKnownFileType = sourcecode.swift; path = MakeShadow.swift; sourceTree = "<group>"; };
		B1F7583565034EB0D1C4C3D1 /* Pods-Cipher.release.xcconfig */ = {isa = PBXFileReference; includeInIndex = 1; lastKnownFileType = text.xcconfig; name = "Pods-Cipher.release.xcconfig"; path = "Target Support Files/Pods-Cipher/Pods-Cipher.release.xcconfig"; sourceTree = "<group>"; };
		DC811D4A93398F83E78C0EE5 /* Pods-Cipher.debug.xcconfig */ = {isa = PBXFileReference; includeInIndex = 1; lastKnownFileType = text.xcconfig; name = "Pods-Cipher.debug.xcconfig"; path = "Target Support Files/Pods-Cipher/Pods-Cipher.debug.xcconfig"; sourceTree = "<group>"; };
/* End PBXFileReference section */

/* Begin PBXFrameworksBuildPhase section */
		68F369D5264C128100F6981D /* Frameworks */ = {
			isa = PBXFrameworksBuildPhase;
			buildActionMask = 2147483647;
			files = (
				0517AEFC527BF8796434C46A /* Pods_Cipher.framework in Frameworks */,
			);
			runOnlyForDeploymentPostprocessing = 0;
		};
/* End PBXFrameworksBuildPhase section */

/* Begin PBXGroup section */
		31FC8AF9716B5EACD3689E26 /* Frameworks */ = {
			isa = PBXGroup;
			children = (
				306AD7A989988BD4AFBA0029 /* Pods_Cipher.framework */,
			);
			name = Frameworks;
			sourceTree = "<group>";
		};
		483B595C232A064698832D09 /* Pods */ = {
			isa = PBXGroup;
			children = (
				DC811D4A93398F83E78C0EE5 /* Pods-Cipher.debug.xcconfig */,
				B1F7583565034EB0D1C4C3D1 /* Pods-Cipher.release.xcconfig */,
			);
			path = Pods;
			sourceTree = "<group>";
		};
		68A431AE264EA0BB00D29FE9 /* Extensions */ = {
			isa = PBXGroup;
			children = (
				68A431AF264EA0D700D29FE9 /* ExViewController.swift */,
			);
			path = Extensions;
			sourceTree = "<group>";
		};
		68F369CF264C128100F6981D = {
			isa = PBXGroup;
			children = (
				68F369DA264C128100F6981D /* Cipher */,
				68F369D9264C128100F6981D /* Products */,
				483B595C232A064698832D09 /* Pods */,
				31FC8AF9716B5EACD3689E26 /* Frameworks */,
			);
			sourceTree = "<group>";
		};
		68F369D9264C128100F6981D /* Products */ = {
			isa = PBXGroup;
			children = (
				68F369D8264C128100F6981D /* Cipher.app */,
			);
			name = Products;
			sourceTree = "<group>";
		};
		68F369DA264C128100F6981D /* Cipher */ = {
			isa = PBXGroup;
			children = (
				68F36A12264D5B7800F6981D /* Groups */,
				68F369DB264C128100F6981D /* AppDelegate.swift */,
				68F369E4264C128700F6981D /* Assets.xcassets */,
				68F369E6264C128700F6981D /* LaunchScreen.storyboard */,
				68F369E9264C128700F6981D /* Info.plist */,
			);
			path = Cipher;
			sourceTree = "<group>";
		};
		68F369F1264C14A400F6981D /* Cell */ = {
			isa = PBXGroup;
			children = (
				68F369EF264C139900F6981D /* EncryptTableViewCell.swift */,
			);
			path = Cell;
			sourceTree = "<group>";
		};
		68F369F2264C14B000F6981D /* Models */ = {
			isa = PBXGroup;
			children = (
				68F369F3264C14FC00F6981D /* Translation.swift */,
				68F36A08264D4E7B00F6981D /* Cipher.swift */,
			);
			path = Models;
			sourceTree = "<group>";
		};
		68F369F9264C3DFE00F6981D /* MainViewController */ = {
			isa = PBXGroup;
			children = (
				68F36A00264D354000F6981D /* Cell */,
				68F369FA264C3E3300F6981D /* MainViewController.swift */,
				68F369FC264C3E4200F6981D /* Main.storyboard */,
			);
			path = MainViewController;
			sourceTree = "<group>";
		};
		68F369FE264C3E7500F6981D /* EncryptViewController */ = {
			isa = PBXGroup;
			children = (
				68F369F1264C14A400F6981D /* Cell */,
				68F369E1264C128100F6981D /* Encrypt.storyboard */,
				68F369DF264C128100F6981D /* EncryptViewController.swift */,
			);
			path = EncryptViewController;
			sourceTree = "<group>";
		};
		68F369FF264C3E8800F6981D /* OriginalViewController */ = {
			isa = PBXGroup;
			children = (
				68F369F5264C16D400F6981D /* Original.storyboard */,
				68F369F7264C170400F6981D /* OriginalViewController.swift */,
			);
			path = OriginalViewController;
			sourceTree = "<group>";
		};
		68F36A00264D354000F6981D /* Cell */ = {
			isa = PBXGroup;
			children = (
				68F36A01264D356100F6981D /* MainTableViewCell.swift */,
			);
			path = Cell;
			sourceTree = "<group>";
		};
		68F36A03264D4C8F00F6981D /* DecipherViewController */ = {
			isa = PBXGroup;
			children = (
				68F36A0A264D509E00F6981D /* Cell */,
				68F36A04264D4CBB00F6981D /* DecipherViewController.swift */,
				68F36A06264D4CC700F6981D /* Decipher.storyboard */,
			);
			path = DecipherViewController;
			sourceTree = "<group>";
		};
		68F36A0A264D509E00F6981D /* Cell */ = {
			isa = PBXGroup;
			children = (
				68F36A0B264D50BD00F6981D /* DecipherTableViewCell.swift */,
			);
			path = Cell;
			sourceTree = "<group>";
		};
		68F36A0D264D53DE00F6981D /* CipherViewController */ = {
			isa = PBXGroup;
			children = (
				68F36A0E264D5B2700F6981D /* CipherViewController.swift */,
				68F36A10264D5B3500F6981D /* Cipher.storyboard */,
			);
			path = CipherViewController;
			sourceTree = "<group>";
		};
		68F36A12264D5B7800F6981D /* Groups */ = {
			isa = PBXGroup;
			children = (
				68A431AE264EA0BB00D29FE9 /* Extensions */,
				68F36A15264D806B00F6981D /* Shadow */,
				68F369F9264C3DFE00F6981D /* MainViewController */,
				68F369F2264C14B000F6981D /* Models */,
				68F36A14264D5B8D00F6981D /* Encrypt */,
				68F36A13264D5B8200F6981D /* Decipher */,
			);
			path = Groups;
			sourceTree = "<group>";
		};
		68F36A13264D5B8200F6981D /* Decipher */ = {
			isa = PBXGroup;
			children = (
				68F36A03264D4C8F00F6981D /* DecipherViewController */,
				68F36A0D264D53DE00F6981D /* CipherViewController */,
			);
			path = Decipher;
			sourceTree = "<group>";
		};
		68F36A14264D5B8D00F6981D /* Encrypt */ = {
			isa = PBXGroup;
			children = (
				68F369FE264C3E7500F6981D /* EncryptViewController */,
				68F369FF264C3E8800F6981D /* OriginalViewController */,
			);
			path = Encrypt;
			sourceTree = "<group>";
		};
		68F36A15264D806B00F6981D /* Shadow */ = {
			isa = PBXGroup;
			children = (
				68F36A16264D807C00F6981D /* ShadowView.swift */,
				68F36A18264D8C8200F6981D /* MakeShadow.swift */,
			);
			path = Shadow;
			sourceTree = "<group>";
		};
/* End PBXGroup section */

/* Begin PBXNativeTarget section */
		68F369D7264C128100F6981D /* Cipher */ = {
			isa = PBXNativeTarget;
			buildConfigurationList = 68F369EC264C128700F6981D /* Build configuration list for PBXNativeTarget "Cipher" */;
			buildPhases = (
				6F4EFD717FC96EDAD0DDE498 /* [CP] Check Pods Manifest.lock */,
				68F369D4264C128100F6981D /* Sources */,
				68F369D5264C128100F6981D /* Frameworks */,
				68F369D6264C128100F6981D /* Resources */,
				2EBA4B17F31DE8DC553D628E /* [CP] Embed Pods Frameworks */,
			);
			buildRules = (
			);
			dependencies = (
			);
			name = Cipher;
			productName = Cipher;
			productReference = 68F369D8264C128100F6981D /* Cipher.app */;
			productType = "com.apple.product-type.application";
		};
/* End PBXNativeTarget section */

/* Begin PBXProject section */
		68F369D0264C128100F6981D /* Project object */ = {
			isa = PBXProject;
			attributes = {
				LastSwiftUpdateCheck = 1140;
				LastUpgradeCheck = 1140;
				ORGANIZATIONNAME = DK;
				TargetAttributes = {
					68F369D7264C128100F6981D = {
						CreatedOnToolsVersion = 11.4.1;
					};
				};
			};
			buildConfigurationList = 68F369D3264C128100F6981D /* Build configuration list for PBXProject "Cipher" */;
			compatibilityVersion = "Xcode 9.3";
			developmentRegion = en;
			hasScannedForEncodings = 0;
			knownRegions = (
				en,
				Base,
			);
			mainGroup = 68F369CF264C128100F6981D;
			productRefGroup = 68F369D9264C128100F6981D /* Products */;
			projectDirPath = "";
			projectRoot = "";
			targets = (
				68F369D7264C128100F6981D /* Cipher */,
			);
		};
/* End PBXProject section */

/* Begin PBXResourcesBuildPhase section */
		68F369D6264C128100F6981D /* Resources */ = {
			isa = PBXResourcesBuildPhase;
			buildActionMask = 2147483647;
			files = (
				68F369E8264C128700F6981D /* LaunchScreen.storyboard in Resources */,
				68F369E5264C128700F6981D /* Assets.xcassets in Resources */,
				68F369E3264C128100F6981D /* Encrypt.storyboard in Resources */,
				68F369F6264C16D400F6981D /* Original.storyboard in Resources */,
				68F36A11264D5B3600F6981D /* Cipher.storyboard in Resources */,
				68F36A07264D4CC700F6981D /* Decipher.storyboard in Resources */,
				68F369FD264C3E4200F6981D /* Main.storyboard in Resources */,
			);
			runOnlyForDeploymentPostprocessing = 0;
		};
/* End PBXResourcesBuildPhase section */

/* Begin PBXShellScriptBuildPhase section */
		2EBA4B17F31DE8DC553D628E /* [CP] Embed Pods Frameworks */ = {
			isa = PBXShellScriptBuildPhase;
			buildActionMask = 2147483647;
			files = (
			);
			inputFileListPaths = (
				"${PODS_ROOT}/Target Support Files/Pods-Cipher/Pods-Cipher-frameworks-${CONFIGURATION}-input-files.xcfilelist",
			);
			name = "[CP] Embed Pods Frameworks";
			outputFileListPaths = (
				"${PODS_ROOT}/Target Support Files/Pods-Cipher/Pods-Cipher-frameworks-${CONFIGURATION}-output-files.xcfilelist",
			);
			runOnlyForDeploymentPostprocessing = 0;
			shellPath = /bin/sh;
			shellScript = "\"${PODS_ROOT}/Target Support Files/Pods-Cipher/Pods-Cipher-frameworks.sh\"\n";
			showEnvVarsInLog = 0;
		};
		6F4EFD717FC96EDAD0DDE498 /* [CP] Check Pods Manifest.lock */ = {
			isa = PBXShellScriptBuildPhase;
			buildActionMask = 2147483647;
			files = (
			);
			inputFileListPaths = (
			);
			inputPaths = (
				"${PODS_PODFILE_DIR_PATH}/Podfile.lock",
				"${PODS_ROOT}/Manifest.lock",
			);
			name = "[CP] Check Pods Manifest.lock";
			outputFileListPaths = (
			);
			outputPaths = (
				"$(DERIVED_FILE_DIR)/Pods-Cipher-checkManifestLockResult.txt",
			);
			runOnlyForDeploymentPostprocessing = 0;
			shellPath = /bin/sh;
			shellScript = "diff \"${PODS_PODFILE_DIR_PATH}/Podfile.lock\" \"${PODS_ROOT}/Manifest.lock\" > /dev/null\nif [ $? != 0 ] ; then\n    # print error to STDERR\n    echo \"error: The sandbox is not in sync with the Podfile.lock. Run 'pod install' or update your CocoaPods installation.\" >&2\n    exit 1\nfi\n# This output is used by Xcode 'outputs' to avoid re-running this script phase.\necho \"SUCCESS\" > \"${SCRIPT_OUTPUT_FILE_0}\"\n";
			showEnvVarsInLog = 0;
		};
/* End PBXShellScriptBuildPhase section */

/* Begin PBXSourcesBuildPhase section */
		68F369D4264C128100F6981D /* Sources */ = {
			isa = PBXSourcesBuildPhase;
			buildActionMask = 2147483647;
			files = (
				68F36A17264D807C00F6981D /* ShadowView.swift in Sources */,
				68F36A0F264D5B2800F6981D /* CipherViewController.swift in Sources */,
				68F369F0264C139900F6981D /* EncryptTableViewCell.swift in Sources */,
				68F36A0C264D50BD00F6981D /* DecipherTableViewCell.swift in Sources */,
				68F369E0264C128100F6981D /* EncryptViewController.swift in Sources */,
				68F36A05264D4CBB00F6981D /* DecipherViewController.swift in Sources */,
				68A431B0264EA0D700D29FE9 /* ExViewController.swift in Sources */,
				68F36A09264D4E7B00F6981D /* Cipher.swift in Sources */,
				68F369F8264C170400F6981D /* OriginalViewController.swift in Sources */,
				68F36A02264D356200F6981D /* MainTableViewCell.swift in Sources */,
				68F36A19264D8C8200F6981D /* MakeShadow.swift in Sources */,
				68F369FB264C3E3300F6981D /* MainViewController.swift in Sources */,
				68F369DC264C128100F6981D /* AppDelegate.swift in Sources */,
				68F369F4264C14FC00F6981D /* Translation.swift in Sources */,
			);
			runOnlyForDeploymentPostprocessing = 0;
		};
/* End PBXSourcesBuildPhase section */

/* Begin PBXVariantGroup section */
		68F369E1264C128100F6981D /* Encrypt.storyboard */ = {
			isa = PBXVariantGroup;
			children = (
				68F369E2264C128100F6981D /* Base */,
			);
			name = Encrypt.storyboard;
			sourceTree = "<group>";
		};
		68F369E6264C128700F6981D /* LaunchScreen.storyboard */ = {
			isa = PBXVariantGroup;
			children = (
				68F369E7264C128700F6981D /* Base */,
			);
			name = LaunchScreen.storyboard;
			sourceTree = "<group>";
		};
/* End PBXVariantGroup section */

/* Begin XCBuildConfiguration section */
		68F369EA264C128700F6981D /* Debug */ = {
			isa = XCBuildConfiguration;
			buildSettings = {
				ALWAYS_SEARCH_USER_PATHS = NO;
				CLANG_ANALYZER_NONNULL = YES;
				CLANG_ANALYZER_NUMBER_OBJECT_CONVERSION = YES_AGGRESSIVE;
				CLANG_CXX_LANGUAGE_STANDARD = "gnu++14";
				CLANG_CXX_LIBRARY = "libc++";
				CLANG_ENABLE_MODULES = YES;
				CLANG_ENABLE_OBJC_ARC = YES;
				CLANG_ENABLE_OBJC_WEAK = YES;
				CLANG_WARN_BLOCK_CAPTURE_AUTORELEASING = YES;
				CLANG_WARN_BOOL_CONVERSION = YES;
				CLANG_WARN_COMMA = YES;
				CLANG_WARN_CONSTANT_CONVERSION = YES;
				CLANG_WARN_DEPRECATED_OBJC_IMPLEMENTATIONS = YES;
				CLANG_WARN_DIRECT_OBJC_ISA_USAGE = YES_ERROR;
				CLANG_WARN_DOCUMENTATION_COMMENTS = YES;
				CLANG_WARN_EMPTY_BODY = YES;
				CLANG_WARN_ENUM_CONVERSION = YES;
				CLANG_WARN_INFINITE_RECURSION = YES;
				CLANG_WARN_INT_CONVERSION = YES;
				CLANG_WARN_NON_LITERAL_NULL_CONVERSION = YES;
				CLANG_WARN_OBJC_IMPLICIT_RETAIN_SELF = YES;
				CLANG_WARN_OBJC_LITERAL_CONVERSION = YES;
				CLANG_WARN_OBJC_ROOT_CLASS = YES_ERROR;
				CLANG_WARN_RANGE_LOOP_ANALYSIS = YES;
				CLANG_WARN_STRICT_PROTOTYPES = YES;
				CLANG_WARN_SUSPICIOUS_MOVE = YES;
				CLANG_WARN_UNGUARDED_AVAILABILITY = YES_AGGRESSIVE;
				CLANG_WARN_UNREACHABLE_CODE = YES;
				CLANG_WARN__DUPLICATE_METHOD_MATCH = YES;
				COPY_PHASE_STRIP = NO;
				DEBUG_INFORMATION_FORMAT = dwarf;
				ENABLE_STRICT_OBJC_MSGSEND = YES;
				ENABLE_TESTABILITY = YES;
				GCC_C_LANGUAGE_STANDARD = gnu11;
				GCC_DYNAMIC_NO_PIC = NO;
				GCC_NO_COMMON_BLOCKS = YES;
				GCC_OPTIMIZATION_LEVEL = 0;
				GCC_PREPROCESSOR_DEFINITIONS = (
					"DEBUG=1",
					"$(inherited)",
				);
				GCC_WARN_64_TO_32_BIT_CONVERSION = YES;
				GCC_WARN_ABOUT_RETURN_TYPE = YES_ERROR;
				GCC_WARN_UNDECLARED_SELECTOR = YES;
				GCC_WARN_UNINITIALIZED_AUTOS = YES_AGGRESSIVE;
				GCC_WARN_UNUSED_FUNCTION = YES;
				GCC_WARN_UNUSED_VARIABLE = YES;
				IPHONEOS_DEPLOYMENT_TARGET = 13.4;
				MTL_ENABLE_DEBUG_INFO = INCLUDE_SOURCE;
				MTL_FAST_MATH = YES;
				ONLY_ACTIVE_ARCH = YES;
				SDKROOT = iphoneos;
				SWIFT_ACTIVE_COMPILATION_CONDITIONS = DEBUG;
				SWIFT_OPTIMIZATION_LEVEL = "-Onone";
			};
			name = Debug;
		};
		68F369EB264C128700F6981D /* Release */ = {
			isa = XCBuildConfiguration;
			buildSettings = {
				ALWAYS_SEARCH_USER_PATHS = NO;
				CLANG_ANALYZER_NONNULL = YES;
				CLANG_ANALYZER_NUMBER_OBJECT_CONVERSION = YES_AGGRESSIVE;
				CLANG_CXX_LANGUAGE_STANDARD = "gnu++14";
				CLANG_CXX_LIBRARY = "libc++";
				CLANG_ENABLE_MODULES = YES;
				CLANG_ENABLE_OBJC_ARC = YES;
				CLANG_ENABLE_OBJC_WEAK = YES;
				CLANG_WARN_BLOCK_CAPTURE_AUTORELEASING = YES;
				CLANG_WARN_BOOL_CONVERSION = YES;
				CLANG_WARN_COMMA = YES;
				CLANG_WARN_CONSTANT_CONVERSION = YES;
				CLANG_WARN_DEPRECATED_OBJC_IMPLEMENTATIONS = YES;
				CLANG_WARN_DIRECT_OBJC_ISA_USAGE = YES_ERROR;
				CLANG_WARN_DOCUMENTATION_COMMENTS = YES;
				CLANG_WARN_EMPTY_BODY = YES;
				CLANG_WARN_ENUM_CONVERSION = YES;
				CLANG_WARN_INFINITE_RECURSION = YES;
				CLANG_WARN_INT_CONVERSION = YES;
				CLANG_WARN_NON_LITERAL_NULL_CONVERSION = YES;
				CLANG_WARN_OBJC_IMPLICIT_RETAIN_SELF = YES;
				CLANG_WARN_OBJC_LITERAL_CONVERSION = YES;
				CLANG_WARN_OBJC_ROOT_CLASS = YES_ERROR;
				CLANG_WARN_RANGE_LOOP_ANALYSIS = YES;
				CLANG_WARN_STRICT_PROTOTYPES = YES;
				CLANG_WARN_SUSPICIOUS_MOVE = YES;
				CLANG_WARN_UNGUARDED_AVAILABILITY = YES_AGGRESSIVE;
				CLANG_WARN_UNREACHABLE_CODE = YES;
				CLANG_WARN__DUPLICATE_METHOD_MATCH = YES;
				COPY_PHASE_STRIP = NO;
				DEBUG_INFORMATION_FORMAT = "dwarf-with-dsym";
				ENABLE_NS_ASSERTIONS = NO;
				ENABLE_STRICT_OBJC_MSGSEND = YES;
				GCC_C_LANGUAGE_STANDARD = gnu11;
				GCC_NO_COMMON_BLOCKS = YES;
				GCC_WARN_64_TO_32_BIT_CONVERSION = YES;
				GCC_WARN_ABOUT_RETURN_TYPE = YES_ERROR;
				GCC_WARN_UNDECLARED_SELECTOR = YES;
				GCC_WARN_UNINITIALIZED_AUTOS = YES_AGGRESSIVE;
				GCC_WARN_UNUSED_FUNCTION = YES;
				GCC_WARN_UNUSED_VARIABLE = YES;
				IPHONEOS_DEPLOYMENT_TARGET = 13.4;
				MTL_ENABLE_DEBUG_INFO = NO;
				MTL_FAST_MATH = YES;
				SDKROOT = iphoneos;
				SWIFT_COMPILATION_MODE = wholemodule;
				SWIFT_OPTIMIZATION_LEVEL = "-O";
				VALIDATE_PRODUCT = YES;
			};
			name = Release;
		};
		68F369ED264C128700F6981D /* Debug */ = {
			isa = XCBuildConfiguration;
			baseConfigurationReference = DC811D4A93398F83E78C0EE5 /* Pods-Cipher.debug.xcconfig */;
			buildSettings = {
				ASSETCATALOG_COMPILER_APPICON_NAME = AppIcon;
				CODE_SIGN_STYLE = Automatic;
				INFOPLIST_FILE = Cipher/Info.plist;
				IPHONEOS_DEPLOYMENT_TARGET = 11.0;
				LD_RUNPATH_SEARCH_PATHS = (
					"$(inherited)",
					"@executable_path/Frameworks",
				);
				PRODUCT_BUNDLE_IDENTIFIER = DK.Cipher;
				PRODUCT_NAME = "$(TARGET_NAME)";
				SWIFT_VERSION = 5.0;
				TARGETED_DEVICE_FAMILY = "1,2";
			};
			name = Debug;
		};
		68F369EE264C128700F6981D /* Release */ = {
			isa = XCBuildConfiguration;
			baseConfigurationReference = B1F7583565034EB0D1C4C3D1 /* Pods-Cipher.release.xcconfig */;
			buildSettings = {
				ASSETCATALOG_COMPILER_APPICON_NAME = AppIcon;
				CODE_SIGN_STYLE = Automatic;
				INFOPLIST_FILE = Cipher/Info.plist;
				IPHONEOS_DEPLOYMENT_TARGET = 11.0;
				LD_RUNPATH_SEARCH_PATHS = (
					"$(inherited)",
					"@executable_path/Frameworks",
				);
				PRODUCT_BUNDLE_IDENTIFIER = DK.Cipher;
				PRODUCT_NAME = "$(TARGET_NAME)";
				SWIFT_VERSION = 5.0;
				TARGETED_DEVICE_FAMILY = "1,2";
			};
			name = Release;
		};
/* End XCBuildConfiguration section */

/* Begin XCConfigurationList section */
		68F369D3264C128100F6981D /* Build configuration list for PBXProject "Cipher" */ = {
			isa = XCConfigurationList;
			buildConfigurations = (
				68F369EA264C128700F6981D /* Debug */,
				68F369EB264C128700F6981D /* Release */,
			);
			defaultConfigurationIsVisible = 0;
			defaultConfigurationName = Release;
		};
		68F369EC264C128700F6981D /* Build configuration list for PBXNativeTarget "Cipher" */ = {
			isa = XCConfigurationList;
			buildConfigurations = (
				68F369ED264C128700F6981D /* Debug */,
				68F369EE264C128700F6981D /* Release */,
			);
			defaultConfigurationIsVisible = 0;
			defaultConfigurationName = Release;
		};
/* End XCConfigurationList section */
	};
	rootObject = 68F369D0264C128100F6981D /* Project object */;
}
